
Microsoft Visual Studio Solution File, Format Version 12.00
# Visual Studio Version 16
VisualStudioVersion = 16.0.34031.81
MinimumVisualStudioVersion = 10.0.40219.1
Project("{888888A0-9F3D-457C-B088-3A5042F75D52}") = "projecttest", "projecttest.pyproj", "{8770530B-4FA9-4E21-A252-0919B3B3564E}"
EndProject
Global
	GlobalSection(SolutionConfigurationPlatforms) = preSolution
		Debug|Any CPU = Debug|Any CPU
		Release|Any CPU = Release|Any CPU
	EndGlobalSection
	GlobalSection(ProjectConfigurationPlatforms) = postSolution
		{8770530B-4FA9-4E21-A252-0919B3B3564E}.Debug|Any CPU.ActiveCfg = Debug|Any CPU
		{8770530B-4FA9-4E21-A252-0919B3B3564E}.Release|Any CPU.ActiveCfg = Release|Any CPU
	EndGlobalSection
	GlobalSection(SolutionProperties) = preSolution
		HideSolutionNode = FALSE
	EndGlobalSection
	GlobalSection(ExtensibilityGlobals) = postSolution
		SolutionGuid = {6B103F97-5219-4687-88A1-25DBC2C27E4F}
	EndGlobalSection
EndGlobal
